
Microsoft Visual Studio Solution File, Format Version 12.00
# Visual Studio 15
VisualStudioVersion = 15.0.26124.0
MinimumVisualStudioVersion = 15.0.26124.0
Project("{FAE04EC0-301F-11D3-BF4B-00C04F79EFBC}") = "SocialMedia.Api", "SocialMedia.Api\SocialMedia.Api.csproj", "{5D193AC2-7AC1-4534-A3BA-3435A0DB74A1}"
EndProject
Project("{FAE04EC0-301F-11D3-BF4B-00C04F79EFBC}") = "SocialMedia.Core", "SocialMedia.Core\SocialMedia.Core.csproj", "{6E30D051-7F12-4D55-8EBE-6DB12DA32553}"
EndProject
Project("{FAE04EC0-301F-11D3-BF4B-00C04F79EFBC}") = "SocialMedia.Infrastructure", "SocialMedia.Infrastructure\SocialMedia.Infrastructure.csproj", "{DE914F31-A69B-4844-B6D2-3F73409BCA0E}"
EndProject
Project("{2150E333-8FDC-42A3-9474-1A3956D46DE8}") = "Test", "Test", "{7B66E3E0-C6F1-11EA-9334-D7DC6A43244E}"
EndProject
Project("{FAE04EC0-301F-11D3-BF4B-00C04F79EFBC}") = "SocialMedia.UnitTest", "SocialMedia.UnitTest\SocialMedia.UnitTest.csproj", "{5763013C-D801-4153-A4F5-AB35C9537D14}"
EndProject
Project("{FAE04EC0-301F-11D3-BF4B-00C04F79EFBC}") = "SocialMedia.IntegrationTest", "SocialMedia.IntegrationTest\SocialMedia.IntegrationTest.csproj", "{E7BC8E36-AE48-4248-A109-73B355C0CE0E}"
EndProject
Project("{2150E333-8FDC-42A3-9474-1A3956D46DE8}") = "l", "l", "{B2AC6810-C6F2-11EA-BCB4-5F8BCF59C8C6}"
EndProject
Global
	GlobalSection(SolutionConfigurationPlatforms) = preSolution
		Debug|Any CPU = Debug|Any CPU
		Debug|x64 = Debug|x64
		Debug|x86 = Debug|x86
		Release|Any CPU = Release|Any CPU
		Release|x64 = Release|x64
		Release|x86 = Release|x86
	EndGlobalSection
	GlobalSection(SolutionProperties) = preSolution
		HideSolutionNode = FALSE
	EndGlobalSection
	GlobalSection(ProjectConfigurationPlatforms) = postSolution
		{5D193AC2-7AC1-4534-A3BA-3435A0DB74A1}.Debug|Any CPU.ActiveCfg = Debug|Any CPU
		{5D193AC2-7AC1-4534-A3BA-3435A0DB74A1}.Debug|Any CPU.Build.0 = Debug|Any CPU
		{5D193AC2-7AC1-4534-A3BA-3435A0DB74A1}.Debug|x64.ActiveCfg = Debug|Any CPU
		{5D193AC2-7AC1-4534-A3BA-3435A0DB74A1}.Debug|x64.Build.0 = Debug|Any CPU
		{5D193AC2-7AC1-4534-A3BA-3435A0DB74A1}.Debug|x86.ActiveCfg = Debug|Any CPU
		{5D193AC2-7AC1-4534-A3BA-3435A0DB74A1}.Debug|x86.Build.0 = Debug|Any CPU
		{5D193AC2-7AC1-4534-A3BA-3435A0DB74A1}.Release|Any CPU.ActiveCfg = Release|Any CPU
		{5D193AC2-7AC1-4534-A3BA-3435A0DB74A1}.Release|Any CPU.Build.0 = Release|Any CPU
		{5D193AC2-7AC1-4534-A3BA-3435A0DB74A1}.Release|x64.ActiveCfg = Release|Any CPU
		{5D193AC2-7AC1-4534-A3BA-3435A0DB74A1}.Release|x64.Build.0 = Release|Any CPU
		{5D193AC2-7AC1-4534-A3BA-3435A0DB74A1}.Release|x86.ActiveCfg = Release|Any CPU
		{5D193AC2-7AC1-4534-A3BA-3435A0DB74A1}.Release|x86.Build.0 = Release|Any CPU
		{6E30D051-7F12-4D55-8EBE-6DB12DA32553}.Debug|Any CPU.ActiveCfg = Debug|Any CPU
		{6E30D051-7F12-4D55-8EBE-6DB12DA32553}.Debug|Any CPU.Build.0 = Debug|Any CPU
		{6E30D051-7F12-4D55-8EBE-6DB12DA32553}.Debug|x64.ActiveCfg = Debug|Any CPU
		{6E30D051-7F12-4D55-8EBE-6DB12DA32553}.Debug|x64.Build.0 = Debug|Any CPU
		{6E30D051-7F12-4D55-8EBE-6DB12DA32553}.Debug|x86.ActiveCfg = Debug|Any CPU
		{6E30D051-7F12-4D55-8EBE-6DB12DA32553}.Debug|x86.Build.0 = Debug|Any CPU
		{6E30D051-7F12-4D55-8EBE-6DB12DA32553}.Release|Any CPU.ActiveCfg = Release|Any CPU
		{6E30D051-7F12-4D55-8EBE-6DB12DA32553}.Release|Any CPU.Build.0 = Release|Any CPU
		{6E30D051-7F12-4D55-8EBE-6DB12DA32553}.Release|x64.ActiveCfg = Release|Any CPU
		{6E30D051-7F12-4D55-8EBE-6DB12DA32553}.Release|x64.Build.0 = Release|Any CPU
		{6E30D051-7F12-4D55-8EBE-6DB12DA32553}.Release|x86.ActiveCfg = Release|Any CPU
		{6E30D051-7F12-4D55-8EBE-6DB12DA32553}.Release|x86.Build.0 = Release|Any CPU
		{DE914F31-A69B-4844-B6D2-3F73409BCA0E}.Debug|Any CPU.ActiveCfg = Debug|Any CPU
		{DE914F31-A69B-4844-B6D2-3F73409BCA0E}.Debug|Any CPU.Build.0 = Debug|Any CPU
		{DE914F31-A69B-4844-B6D2-3F73409BCA0E}.Debug|x64.ActiveCfg = Debug|Any CPU
		{DE914F31-A69B-4844-B6D2-3F73409BCA0E}.Debug|x64.Build.0 = Debug|Any CPU
		{DE914F31-A69B-4844-B6D2-3F73409BCA0E}.Debug|x86.ActiveCfg = Debug|Any CPU
		{DE914F31-A69B-4844-B6D2-3F73409BCA0E}.Debug|x86.Build.0 = Debug|Any CPU
		{DE914F31-A69B-4844-B6D2-3F73409BCA0E}.Release|Any CPU.ActiveCfg = Release|Any CPU
		{DE914F31-A69B-4844-B6D2-3F73409BCA0E}.Release|Any CPU.Build.0 = Release|Any CPU
		{DE914F31-A69B-4844-B6D2-3F73409BCA0E}.Release|x64.ActiveCfg = Release|Any CPU
		{DE914F31-A69B-4844-B6D2-3F73409BCA0E}.Release|x64.Build.0 = Release|Any CPU
		{DE914F31-A69B-4844-B6D2-3F73409BCA0E}.Release|x86.ActiveCfg = Release|Any CPU
		{DE914F31-A69B-4844-B6D2-3F73409BCA0E}.Release|x86.Build.0 = Release|Any CPU
		{5763013C-D801-4153-A4F5-AB35C9537D14}.Debug|Any CPU.ActiveCfg = Debug|Any CPU
		{5763013C-D801-4153-A4F5-AB35C9537D14}.Debug|Any CPU.Build.0 = Debug|Any CPU
		{5763013C-D801-4153-A4F5-AB35C9537D14}.Debug|x64.ActiveCfg = Debug|Any CPU
		{5763013C-D801-4153-A4F5-AB35C9537D14}.Debug|x64.Build.0 = Debug|Any CPU
		{5763013C-D801-4153-A4F5-AB35C9537D14}.Debug|x86.ActiveCfg = Debug|Any CPU
		{5763013C-D801-4153-A4F5-AB35C9537D14}.Debug|x86.Build.0 = Debug|Any CPU
		{5763013C-D801-4153-A4F5-AB35C9537D14}.Release|Any CPU.ActiveCfg = Release|Any CPU
		{5763013C-D801-4153-A4F5-AB35C9537D14}.Release|Any CPU.Build.0 = Release|Any CPU
		{5763013C-D801-4153-A4F5-AB35C9537D14}.Release|x64.ActiveCfg = Release|Any CPU
		{5763013C-D801-4153-A4F5-AB35C9537D14}.Release|x64.Build.0 = Release|Any CPU
		{5763013C-D801-4153-A4F5-AB35C9537D14}.Release|x86.ActiveCfg = Release|Any CPU
		{5763013C-D801-4153-A4F5-AB35C9537D14}.Release|x86.Build.0 = Release|Any CPU
		{E7BC8E36-AE48-4248-A109-73B355C0CE0E}.Debug|Any CPU.ActiveCfg = Debug|Any CPU
		{E7BC8E36-AE48-4248-A109-73B355C0CE0E}.Debug|Any CPU.Build.0 = Debug|Any CPU
		{E7BC8E36-AE48-4248-A109-73B355C0CE0E}.Debug|x64.ActiveCfg = Debug|Any CPU
		{E7BC8E36-AE48-4248-A109-73B355C0CE0E}.Debug|x64.Build.0 = Debug|Any CPU
		{E7BC8E36-AE48-4248-A109-73B355C0CE0E}.Debug|x86.ActiveCfg = Debug|Any CPU
		{E7BC8E36-AE48-4248-A109-73B355C0CE0E}.Debug|x86.Build.0 = Debug|Any CPU
		{E7BC8E36-AE48-4248-A109-73B355C0CE0E}.Release|Any CPU.ActiveCfg = Release|Any CPU
		{E7BC8E36-AE48-4248-A109-73B355C0CE0E}.Release|Any CPU.Build.0 = Release|Any CPU
		{E7BC8E36-AE48-4248-A109-73B355C0CE0E}.Release|x64.ActiveCfg = Release|Any CPU
		{E7BC8E36-AE48-4248-A109-73B355C0CE0E}.Release|x64.Build.0 = Release|Any CPU
		{E7BC8E36-AE48-4248-A109-73B355C0CE0E}.Release|x86.ActiveCfg = Release|Any CPU
		{E7BC8E36-AE48-4248-A109-73B355C0CE0E}.Release|x86.Build.0 = Release|Any CPU
	EndGlobalSection
	GlobalSection(NestedProjects) = preSolution
		{E7BC8E36-AE48-4248-A109-73B355C0CE0E} = {7B66E3E0-C6F1-11EA-9334-D7DC6A43244E}
	EndGlobalSection
EndGlobal
